
Microsoft Visual Studio Solution File, Format Version 12.00
# Visual Studio 14
VisualStudioVersion = 14.0.25420.1
MinimumVisualStudioVersion = 10.0.40219.1
Project("{FAE04EC0-301F-11D3-BF4B-00C04F79EFBC}") = "Passingwind.Datatables.Mvc.Demo", "Passingwind.Datatables.Mvc.Demo\Passingwind.Datatables.Mvc.Demo.csproj", "{97A968C5-949B-4FA6-9EFA-7BBBE240536D}"
EndProject
Project("{FAE04EC0-301F-11D3-BF4B-00C04F79EFBC}") = "Passingwind.Datatables.Mvc.Core", "Passingwind.Datatables.Mvc.Core\Passingwind.Datatables.Mvc.Core.csproj", "{EAF9F059-C701-45EC-9B70-300C3CF5928F}"
EndProject
Project("{2150E333-8FDC-42A3-9474-1A3956D46DE8}") = "Solution Items", "Solution Items", "{2C1F161D-8309-479C-A573-25B8306B6C6D}"
	ProjectSection(SolutionItems) = preProject
		README.md = README.md
	EndProjectSection
EndProject
Global
	GlobalSection(SolutionConfigurationPlatforms) = preSolution
		Debug|Any CPU = Debug|Any CPU
		Release|Any CPU = Release|Any CPU
	EndGlobalSection
	GlobalSection(ProjectConfigurationPlatforms) = postSolution
		{97A968C5-949B-4FA6-9EFA-7BBBE240536D}.Debug|Any CPU.ActiveCfg = Debug|Any CPU
		{97A968C5-949B-4FA6-9EFA-7BBBE240536D}.Debug|Any CPU.Build.0 = Debug|Any CPU
		{97A968C5-949B-4FA6-9EFA-7BBBE240536D}.Release|Any CPU.ActiveCfg = Release|Any CPU
		{97A968C5-949B-4FA6-9EFA-7BBBE240536D}.Release|Any CPU.Build.0 = Release|Any CPU
		{EAF9F059-C701-45EC-9B70-300C3CF5928F}.Debug|Any CPU.ActiveCfg = Debug|Any CPU
		{EAF9F059-C701-45EC-9B70-300C3CF5928F}.Debug|Any CPU.Build.0 = Debug|Any CPU
		{EAF9F059-C701-45EC-9B70-300C3CF5928F}.Release|Any CPU.ActiveCfg = Release|Any CPU
		{EAF9F059-C701-45EC-9B70-300C3CF5928F}.Release|Any CPU.Build.0 = Release|Any CPU
	EndGlobalSection
	GlobalSection(SolutionProperties) = preSolution
		HideSolutionNode = FALSE
	EndGlobalSection
EndGlobal
